
Microsoft Visual Studio Solution File, Format Version 12.00
# Visual Studio Version 17
VisualStudioVersion = 17.7.34009.444
MinimumVisualStudioVersion = 10.0.40219.1
Project("{FAE04EC0-301F-11D3-BF4B-00C04F79EFBC}") = "ArduinoData", "ArduinoData.csproj", "{A43FF342-1B9C-4387-85E0-28EB56BCB309}"
EndProject
Project("{FAE04EC0-301F-11D3-BF4B-00C04F79EFBC}") = "Clapping webs", "..\Clapping webs\Clapping webs.csproj", "{32F24E75-FC85-4D5A-AD1A-F35823B8E2D9}"
EndProject
Global
	GlobalSection(SolutionConfigurationPlatforms) = preSolution
		Debug|Any CPU = Debug|Any CPU
		Release|Any CPU = Release|Any CPU
	EndGlobalSection
	GlobalSection(ProjectConfigurationPlatforms) = postSolution
		{A43FF342-1B9C-4387-85E0-28EB56BCB309}.Debug|Any CPU.ActiveCfg = Debug|Any CPU
		{A43FF342-1B9C-4387-85E0-28EB56BCB309}.Debug|Any CPU.Build.0 = Debug|Any CPU
		{A43FF342-1B9C-4387-85E0-28EB56BCB309}.Release|Any CPU.ActiveCfg = Release|Any CPU
		{A43FF342-1B9C-4387-85E0-28EB56BCB309}.Release|Any CPU.Build.0 = Release|Any CPU
		{32F24E75-FC85-4D5A-AD1A-F35823B8E2D9}.Debug|Any CPU.ActiveCfg = Debug|Any CPU
		{32F24E75-FC85-4D5A-AD1A-F35823B8E2D9}.Debug|Any CPU.Build.0 = Debug|Any CPU
		{32F24E75-FC85-4D5A-AD1A-F35823B8E2D9}.Release|Any CPU.ActiveCfg = Release|Any CPU
		{32F24E75-FC85-4D5A-AD1A-F35823B8E2D9}.Release|Any CPU.Build.0 = Release|Any CPU
	EndGlobalSection
	GlobalSection(SolutionProperties) = preSolution
		HideSolutionNode = FALSE
	EndGlobalSection
	GlobalSection(ExtensibilityGlobals) = postSolution
		SolutionGuid = {0360D05B-B842-4856-AE3A-535328267584}
	EndGlobalSection
EndGlobal
