
Microsoft Visual Studio Solution File, Format Version 12.00
# Visual Studio Version 17
VisualStudioVersion = 17.6.33717.318
MinimumVisualStudioVersion = 10.0.40219.1
Project("{FAE04EC0-301F-11D3-BF4B-00C04F79EFBC}") = "Opgave_6", "Opgave_6.csproj", "{1C1FFD01-E246-418C-9519-D400C1CFBCF7}"
EndProject
Global
	GlobalSection(SolutionConfigurationPlatforms) = preSolution
		Debug|Any CPU = Debug|Any CPU
		Release|Any CPU = Release|Any CPU
	EndGlobalSection
	GlobalSection(ProjectConfigurationPlatforms) = postSolution
		{1C1FFD01-E246-418C-9519-D400C1CFBCF7}.Debug|Any CPU.ActiveCfg = Debug|Any CPU
		{1C1FFD01-E246-418C-9519-D400C1CFBCF7}.Debug|Any CPU.Build.0 = Debug|Any CPU
		{1C1FFD01-E246-418C-9519-D400C1CFBCF7}.Release|Any CPU.ActiveCfg = Release|Any CPU
		{1C1FFD01-E246-418C-9519-D400C1CFBCF7}.Release|Any CPU.Build.0 = Release|Any CPU
	EndGlobalSection
	GlobalSection(SolutionProperties) = preSolution
		HideSolutionNode = FALSE
	EndGlobalSection
	GlobalSection(ExtensibilityGlobals) = postSolution
		SolutionGuid = {6A8544BD-D47C-44DB-B426-501928E5D47C}
	EndGlobalSection
EndGlobal
