
Microsoft Visual Studio Solution File, Format Version 12.00
# Visual Studio Version 17
VisualStudioVersion = 17.6.33717.318
MinimumVisualStudioVersion = 10.0.40219.1
Project("{9A19103F-16F7-4668-BE54-9A1E7A4F7556}") = "ConsoleApp2", "ConsoleApp2.csproj", "{749178B4-FF57-4A3F-8E24-99AA28479EB5}"
EndProject
Project("{2150E333-8FDC-42A3-9474-1A3956D46DE8}") = "Solution Items", "Solution Items", "{3CD7E602-C3BE-4BE7-A260-ECDDD922F819}"
	ProjectSection(SolutionItems) = preProject
		.editorconfig = .editorconfig
	EndProjectSection
EndProject
Project("{9A19103F-16F7-4668-BE54-9A1E7A4F7556}") = "4_opgaver", "..\4_opgaver\4_opgaver.csproj", "{DAC0E240-46CB-4673-9B99-EAF1E1150983}"
EndProject
Project("{9A19103F-16F7-4668-BE54-9A1E7A4F7556}") = "7Opgaver", "..\7Opgaver\7Opgaver.csproj", "{7CBB2519-A73D-4956-9052-61288C0132E1}"
EndProject
Project("{9A19103F-16F7-4668-BE54-9A1E7A4F7556}") = "opgave_5", "..\opgave_5\opgave_5.csproj", "{A13D3DE6-10A6-4715-8E37-936126F0E928}"
EndProject
Project("{9A19103F-16F7-4668-BE54-9A1E7A4F7556}") = "Opgave_6", "..\Opgave_6\Opgave_6.csproj", "{18675AED-4DD1-4FA3-87C5-BD0351F1787A}"
EndProject
Project("{9A19103F-16F7-4668-BE54-9A1E7A4F7556}") = "Opgave_7", "..\Opgave_7\Opgave_7.csproj", "{A4C0C3F2-972A-4799-88CB-2531C4CA7FA0}"
EndProject
Project("{9A19103F-16F7-4668-BE54-9A1E7A4F7556}") = "StorbæltsFrobindelsen", "..\program\StorbæltsFrobindelsen\StorbæltsFrobindelsen.csproj", "{B51F4376-6252-4F42-8C8F-638E3C89C3BB}"
EndProject
Project("{9A19103F-16F7-4668-BE54-9A1E7A4F7556}") = "terningen", "..\terningen\terningen.csproj", "{BE5BDFDA-9DF9-4AD4-BFBB-00F927A2D381}"
EndProject
Project("{9A19103F-16F7-4668-BE54-9A1E7A4F7556}") = "BMI", "..\BMI\BMI.csproj", "{1666BA70-7056-472F-AA34-33180AF59B23}"
EndProject
Project("{9A19103F-16F7-4668-BE54-9A1E7A4F7556}") = "MorseKode", "..\MorseKode\MorseKode.csproj", "{D79C6AB7-DEBA-48EE-834E-A9BDBAFD750A}"
EndProject
Project("{9A19103F-16F7-4668-BE54-9A1E7A4F7556}") = "American_V2", "..\American_V2\American_V2.csproj", "{6DAAF952-61B6-4E3B-BE1D-747171FD2294}"
EndProject
Project("{9A19103F-16F7-4668-BE54-9A1E7A4F7556}") = "Lotto", "..\Lotto\Lotto.csproj", "{BA07B622-20C6-4822-BA83-BC85997BE8C0}"
EndProject
Project("{9A19103F-16F7-4668-BE54-9A1E7A4F7556}") = "JuleTræet", "..\JuleTræet\JuleTræet.csproj", "{5C5EF297-C7A8-4797-8CE8-44202DF1B4F2}"
EndProject
Project("{9A19103F-16F7-4668-BE54-9A1E7A4F7556}") = "NIM", "..\NIM\NIM.csproj", "{B4EB1A88-95E8-425C-B218-83440D630E6A}"
EndProject
Project("{FAE04EC0-301F-11D3-BF4B-00C04F79EFBC}") = "Vinos Blancos", "..\Vinos Blancos\Vinos Blancos.csproj", "{1E8000E1-8577-4D61-B548-8A0B40111B33}"
EndProject
Project("{FAE04EC0-301F-11D3-BF4B-00C04F79EFBC}") = "Mozart", "..\Mozart\Mozart.csproj", "{CF683489-A1E9-4E67-803F-913D320312E7}"
EndProject
Global
	GlobalSection(SolutionConfigurationPlatforms) = preSolution
		Debug|Any CPU = Debug|Any CPU
		Release|Any CPU = Release|Any CPU
	EndGlobalSection
	GlobalSection(ProjectConfigurationPlatforms) = postSolution
		{749178B4-FF57-4A3F-8E24-99AA28479EB5}.Debug|Any CPU.ActiveCfg = Debug|Any CPU
		{749178B4-FF57-4A3F-8E24-99AA28479EB5}.Debug|Any CPU.Build.0 = Debug|Any CPU
		{749178B4-FF57-4A3F-8E24-99AA28479EB5}.Release|Any CPU.ActiveCfg = Release|Any CPU
		{749178B4-FF57-4A3F-8E24-99AA28479EB5}.Release|Any CPU.Build.0 = Release|Any CPU
		{DAC0E240-46CB-4673-9B99-EAF1E1150983}.Debug|Any CPU.ActiveCfg = Debug|Any CPU
		{DAC0E240-46CB-4673-9B99-EAF1E1150983}.Debug|Any CPU.Build.0 = Debug|Any CPU
		{DAC0E240-46CB-4673-9B99-EAF1E1150983}.Release|Any CPU.ActiveCfg = Release|Any CPU
		{DAC0E240-46CB-4673-9B99-EAF1E1150983}.Release|Any CPU.Build.0 = Release|Any CPU
		{7CBB2519-A73D-4956-9052-61288C0132E1}.Debug|Any CPU.ActiveCfg = Debug|Any CPU
		{7CBB2519-A73D-4956-9052-61288C0132E1}.Debug|Any CPU.Build.0 = Debug|Any CPU
		{7CBB2519-A73D-4956-9052-61288C0132E1}.Release|Any CPU.ActiveCfg = Release|Any CPU
		{7CBB2519-A73D-4956-9052-61288C0132E1}.Release|Any CPU.Build.0 = Release|Any CPU
		{A13D3DE6-10A6-4715-8E37-936126F0E928}.Debug|Any CPU.ActiveCfg = Debug|Any CPU
		{A13D3DE6-10A6-4715-8E37-936126F0E928}.Debug|Any CPU.Build.0 = Debug|Any CPU
		{A13D3DE6-10A6-4715-8E37-936126F0E928}.Release|Any CPU.ActiveCfg = Release|Any CPU
		{A13D3DE6-10A6-4715-8E37-936126F0E928}.Release|Any CPU.Build.0 = Release|Any CPU
		{18675AED-4DD1-4FA3-87C5-BD0351F1787A}.Debug|Any CPU.ActiveCfg = Debug|Any CPU
		{18675AED-4DD1-4FA3-87C5-BD0351F1787A}.Debug|Any CPU.Build.0 = Debug|Any CPU
		{18675AED-4DD1-4FA3-87C5-BD0351F1787A}.Release|Any CPU.ActiveCfg = Release|Any CPU
		{18675AED-4DD1-4FA3-87C5-BD0351F1787A}.Release|Any CPU.Build.0 = Release|Any CPU
		{A4C0C3F2-972A-4799-88CB-2531C4CA7FA0}.Debug|Any CPU.ActiveCfg = Debug|Any CPU
		{A4C0C3F2-972A-4799-88CB-2531C4CA7FA0}.Debug|Any CPU.Build.0 = Debug|Any CPU
		{A4C0C3F2-972A-4799-88CB-2531C4CA7FA0}.Release|Any CPU.ActiveCfg = Release|Any CPU
		{A4C0C3F2-972A-4799-88CB-2531C4CA7FA0}.Release|Any CPU.Build.0 = Release|Any CPU
		{B51F4376-6252-4F42-8C8F-638E3C89C3BB}.Debug|Any CPU.ActiveCfg = Debug|Any CPU
		{B51F4376-6252-4F42-8C8F-638E3C89C3BB}.Debug|Any CPU.Build.0 = Debug|Any CPU
		{B51F4376-6252-4F42-8C8F-638E3C89C3BB}.Release|Any CPU.ActiveCfg = Release|Any CPU
		{B51F4376-6252-4F42-8C8F-638E3C89C3BB}.Release|Any CPU.Build.0 = Release|Any CPU
		{BE5BDFDA-9DF9-4AD4-BFBB-00F927A2D381}.Debug|Any CPU.ActiveCfg = Debug|Any CPU
		{BE5BDFDA-9DF9-4AD4-BFBB-00F927A2D381}.Debug|Any CPU.Build.0 = Debug|Any CPU
		{BE5BDFDA-9DF9-4AD4-BFBB-00F927A2D381}.Release|Any CPU.ActiveCfg = Release|Any CPU
		{BE5BDFDA-9DF9-4AD4-BFBB-00F927A2D381}.Release|Any CPU.Build.0 = Release|Any CPU
		{1666BA70-7056-472F-AA34-33180AF59B23}.Debug|Any CPU.ActiveCfg = Debug|Any CPU
		{1666BA70-7056-472F-AA34-33180AF59B23}.Debug|Any CPU.Build.0 = Debug|Any CPU
		{1666BA70-7056-472F-AA34-33180AF59B23}.Release|Any CPU.ActiveCfg = Release|Any CPU
		{1666BA70-7056-472F-AA34-33180AF59B23}.Release|Any CPU.Build.0 = Release|Any CPU
		{D79C6AB7-DEBA-48EE-834E-A9BDBAFD750A}.Debug|Any CPU.ActiveCfg = Debug|Any CPU
		{D79C6AB7-DEBA-48EE-834E-A9BDBAFD750A}.Debug|Any CPU.Build.0 = Debug|Any CPU
		{D79C6AB7-DEBA-48EE-834E-A9BDBAFD750A}.Release|Any CPU.ActiveCfg = Release|Any CPU
		{D79C6AB7-DEBA-48EE-834E-A9BDBAFD750A}.Release|Any CPU.Build.0 = Release|Any CPU
		{6DAAF952-61B6-4E3B-BE1D-747171FD2294}.Debug|Any CPU.ActiveCfg = Debug|Any CPU
		{6DAAF952-61B6-4E3B-BE1D-747171FD2294}.Debug|Any CPU.Build.0 = Debug|Any CPU
		{6DAAF952-61B6-4E3B-BE1D-747171FD2294}.Release|Any CPU.ActiveCfg = Release|Any CPU
		{6DAAF952-61B6-4E3B-BE1D-747171FD2294}.Release|Any CPU.Build.0 = Release|Any CPU
		{BA07B622-20C6-4822-BA83-BC85997BE8C0}.Debug|Any CPU.ActiveCfg = Debug|Any CPU
		{BA07B622-20C6-4822-BA83-BC85997BE8C0}.Debug|Any CPU.Build.0 = Debug|Any CPU
		{BA07B622-20C6-4822-BA83-BC85997BE8C0}.Release|Any CPU.ActiveCfg = Release|Any CPU
		{BA07B622-20C6-4822-BA83-BC85997BE8C0}.Release|Any CPU.Build.0 = Release|Any CPU
		{5C5EF297-C7A8-4797-8CE8-44202DF1B4F2}.Debug|Any CPU.ActiveCfg = Debug|Any CPU
		{5C5EF297-C7A8-4797-8CE8-44202DF1B4F2}.Debug|Any CPU.Build.0 = Debug|Any CPU
		{5C5EF297-C7A8-4797-8CE8-44202DF1B4F2}.Release|Any CPU.ActiveCfg = Release|Any CPU
		{5C5EF297-C7A8-4797-8CE8-44202DF1B4F2}.Release|Any CPU.Build.0 = Release|Any CPU
		{B4EB1A88-95E8-425C-B218-83440D630E6A}.Debug|Any CPU.ActiveCfg = Debug|Any CPU
		{B4EB1A88-95E8-425C-B218-83440D630E6A}.Debug|Any CPU.Build.0 = Debug|Any CPU
		{B4EB1A88-95E8-425C-B218-83440D630E6A}.Release|Any CPU.ActiveCfg = Release|Any CPU
		{B4EB1A88-95E8-425C-B218-83440D630E6A}.Release|Any CPU.Build.0 = Release|Any CPU
		{1E8000E1-8577-4D61-B548-8A0B40111B33}.Debug|Any CPU.ActiveCfg = Debug|Any CPU
		{1E8000E1-8577-4D61-B548-8A0B40111B33}.Debug|Any CPU.Build.0 = Debug|Any CPU
		{1E8000E1-8577-4D61-B548-8A0B40111B33}.Release|Any CPU.ActiveCfg = Release|Any CPU
		{1E8000E1-8577-4D61-B548-8A0B40111B33}.Release|Any CPU.Build.0 = Release|Any CPU
		{CF683489-A1E9-4E67-803F-913D320312E7}.Debug|Any CPU.ActiveCfg = Debug|Any CPU
		{CF683489-A1E9-4E67-803F-913D320312E7}.Debug|Any CPU.Build.0 = Debug|Any CPU
		{CF683489-A1E9-4E67-803F-913D320312E7}.Release|Any CPU.ActiveCfg = Release|Any CPU
		{CF683489-A1E9-4E67-803F-913D320312E7}.Release|Any CPU.Build.0 = Release|Any CPU
	EndGlobalSection
	GlobalSection(SolutionProperties) = preSolution
		HideSolutionNode = FALSE
	EndGlobalSection
	GlobalSection(ExtensibilityGlobals) = postSolution
		SolutionGuid = {EB33CE11-5537-46D9-897B-C655F942A5C3}
	EndGlobalSection
EndGlobal
