
Microsoft Visual Studio Solution File, Format Version 12.00
# Visual Studio Version 17
VisualStudioVersion = 17.7.34009.444
MinimumVisualStudioVersion = 10.0.40219.1
Project("{FAE04EC0-301F-11D3-BF4B-00C04F79EFBC}") = "SuperHeros", "SuperHeros.csproj", "{2769C9D8-2138-44D5-9B87-DD018B2EF877}"
EndProject
Global
	GlobalSection(SolutionConfigurationPlatforms) = preSolution
		Debug|Any CPU = Debug|Any CPU
		Release|Any CPU = Release|Any CPU
	EndGlobalSection
	GlobalSection(ProjectConfigurationPlatforms) = postSolution
		{2769C9D8-2138-44D5-9B87-DD018B2EF877}.Debug|Any CPU.ActiveCfg = Debug|Any CPU
		{2769C9D8-2138-44D5-9B87-DD018B2EF877}.Debug|Any CPU.Build.0 = Debug|Any CPU
		{2769C9D8-2138-44D5-9B87-DD018B2EF877}.Release|Any CPU.ActiveCfg = Release|Any CPU
		{2769C9D8-2138-44D5-9B87-DD018B2EF877}.Release|Any CPU.Build.0 = Release|Any CPU
	EndGlobalSection
	GlobalSection(SolutionProperties) = preSolution
		HideSolutionNode = FALSE
	EndGlobalSection
	GlobalSection(ExtensibilityGlobals) = postSolution
		SolutionGuid = {D626919B-82F2-4436-AF6D-1B5A7DAAA531}
	EndGlobalSection
EndGlobal
