
Microsoft Visual Studio Solution File, Format Version 12.00
# Visual Studio Version 17
VisualStudioVersion = 17.7.34009.444
MinimumVisualStudioVersion = 10.0.40219.1
Project("{FAE04EC0-301F-11D3-BF4B-00C04F79EFBC}") = "Planeterne", "Planeterne.csproj", "{C44A1D7A-316F-4D88-9BDC-166FE45E9845}"
EndProject
Global
	GlobalSection(SolutionConfigurationPlatforms) = preSolution
		Debug|Any CPU = Debug|Any CPU
		Release|Any CPU = Release|Any CPU
	EndGlobalSection
	GlobalSection(ProjectConfigurationPlatforms) = postSolution
		{C44A1D7A-316F-4D88-9BDC-166FE45E9845}.Debug|Any CPU.ActiveCfg = Debug|Any CPU
		{C44A1D7A-316F-4D88-9BDC-166FE45E9845}.Debug|Any CPU.Build.0 = Debug|Any CPU
		{C44A1D7A-316F-4D88-9BDC-166FE45E9845}.Release|Any CPU.ActiveCfg = Release|Any CPU
		{C44A1D7A-316F-4D88-9BDC-166FE45E9845}.Release|Any CPU.Build.0 = Release|Any CPU
	EndGlobalSection
	GlobalSection(SolutionProperties) = preSolution
		HideSolutionNode = FALSE
	EndGlobalSection
	GlobalSection(ExtensibilityGlobals) = postSolution
		SolutionGuid = {F88B6751-E477-470E-A43D-92F4F67CD345}
	EndGlobalSection
EndGlobal
