
Microsoft Visual Studio Solution File, Format Version 12.00
# Visual Studio Version 17
VisualStudioVersion = 17.6.33717.318
MinimumVisualStudioVersion = 10.0.40219.1
Project("{FAE04EC0-301F-11D3-BF4B-00C04F79EFBC}") = "Opgaver", "Opgaver.csproj", "{F7AE073F-C8E1-4FCD-867F-B38FD290EAD0}"
EndProject
Global
	GlobalSection(SolutionConfigurationPlatforms) = preSolution
		Debug|Any CPU = Debug|Any CPU
		Release|Any CPU = Release|Any CPU
	EndGlobalSection
	GlobalSection(ProjectConfigurationPlatforms) = postSolution
		{F7AE073F-C8E1-4FCD-867F-B38FD290EAD0}.Debug|Any CPU.ActiveCfg = Debug|Any CPU
		{F7AE073F-C8E1-4FCD-867F-B38FD290EAD0}.Debug|Any CPU.Build.0 = Debug|Any CPU
		{F7AE073F-C8E1-4FCD-867F-B38FD290EAD0}.Release|Any CPU.ActiveCfg = Release|Any CPU
		{F7AE073F-C8E1-4FCD-867F-B38FD290EAD0}.Release|Any CPU.Build.0 = Release|Any CPU
	EndGlobalSection
	GlobalSection(SolutionProperties) = preSolution
		HideSolutionNode = FALSE
	EndGlobalSection
	GlobalSection(ExtensibilityGlobals) = postSolution
		SolutionGuid = {6C6A715E-065C-403B-8EB0-897F21DECA48}
	EndGlobalSection
EndGlobal
